// !$*UTF8*$!
{
	archiveVersion = 1;
	classes = {
	};
	objectVersion = 70;
	objects = {

/* Begin PBXBuildFile section */
		142355932C94313900F22195 /* RealityKitContent in Frameworks */ = {isa = PBXBuildFile; productRef = 142355922C94313900F22195 /* RealityKitContent */; };
		142355952C94313900F22195 /* avp_sampleApp.swift in Sources */ = {isa = PBXBuildFile; fileRef = 142355942C94313900F22195 /* avp_sampleApp.swift */; };
		1423559B2C94313B00F22195 /* Assets.xcassets in Resources */ = {isa = PBXBuildFile; fileRef = 1423559A2C94313B00F22195 /* Assets.xcassets */; };
		1423559E2C94313B00F22195 /* Preview Assets.xcassets in Resources */ = {isa = PBXBuildFile; fileRef = 1423559D2C94313B00F22195 /* Preview Assets.xcassets */; };
		142355A92C94313B00F22195 /* avp_sampleTests.swift in Sources */ = {isa = PBXBuildFile; fileRef = 142355A82C94313B00F22195 /* avp_sampleTests.swift */; };
		1450CD502CC7567D00A5A96D /* Preview+AppStateEnvironbment.swift in Sources */ = {isa = PBXBuildFile; fileRef = 1450CD4F2CC7566800A5A96D /* Preview+AppStateEnvironbment.swift */; };
		1450CD522CC756C600A5A96D /* AppState.swift in Sources */ = {isa = PBXBuildFile; fileRef = 1450CD512CC756BD00A5A96D /* AppState.swift */; };
/* End PBXBuildFile section */

/* Begin PBXContainerItemProxy section */
		142355A52C94313B00F22195 /* PBXContainerItemProxy */ = {
			isa = PBXContainerItemProxy;
			containerPortal = 142355852C94313900F22195 /* Project object */;
			proxyType = 1;
			remoteGlobalIDString = 1423558C2C94313900F22195;
			remoteInfo = avp_sample;
		};
/* End PBXContainerItemProxy section */

/* Begin PBXFileReference section */
		1423558D2C94313900F22195 /* avp_sample.app */ = {isa = PBXFileReference; explicitFileType = wrapper.application; includeInIndex = 0; path = avp_sample.app; sourceTree = BUILT_PRODUCTS_DIR; };
		142355912C94313900F22195 /* RealityKitContent */ = {isa = PBXFileReference; lastKnownFileType = wrapper; path = RealityKitContent; sourceTree = "<group>"; };
		142355942C94313900F22195 /* avp_sampleApp.swift */ = {isa = PBXFileReference; lastKnownFileType = sourcecode.swift; path = avp_sampleApp.swift; sourceTree = "<group>"; };
		1423559A2C94313B00F22195 /* Assets.xcassets */ = {isa = PBXFileReference; lastKnownFileType = folder.assetcatalog; path = Assets.xcassets; sourceTree = "<group>"; };
		1423559D2C94313B00F22195 /* Preview Assets.xcassets */ = {isa = PBXFileReference; lastKnownFileType = folder.assetcatalog; path = "Preview Assets.xcassets"; sourceTree = "<group>"; };
		1423559F2C94313B00F22195 /* Info.plist */ = {isa = PBXFileReference; lastKnownFileType = text.plist.xml; path = Info.plist; sourceTree = "<group>"; };
		142355A42C94313B00F22195 /* avp_sampleTests.xctest */ = {isa = PBXFileReference; explicitFileType = wrapper.cfbundle; includeInIndex = 0; path = avp_sampleTests.xctest; sourceTree = BUILT_PRODUCTS_DIR; };
		142355A82C94313B00F22195 /* avp_sampleTests.swift */ = {isa = PBXFileReference; lastKnownFileType = sourcecode.swift; path = avp_sampleTests.swift; sourceTree = "<group>"; };
		1450CD4F2CC7566800A5A96D /* Preview+AppStateEnvironbment.swift */ = {isa = PBXFileReference; lastKnownFileType = sourcecode.swift; path = "Preview+AppStateEnvironbment.swift"; sourceTree = "<group>"; };
		1450CD512CC756BD00A5A96D /* AppState.swift */ = {isa = PBXFileReference; lastKnownFileType = sourcecode.swift; path = AppState.swift; sourceTree = "<group>"; };
/* End PBXFileReference section */

/* Begin PBXFileSystemSynchronizedRootGroup section */
		1450CD4B2CC7452800A5A96D /* Views */ = {isa = PBXFileSystemSynchronizedRootGroup; explicitFileTypes = {}; explicitFolders = (); path = Views; sourceTree = "<group>"; };
/* End PBXFileSystemSynchronizedRootGroup section */

/* Begin PBXFrameworksBuildPhase section */
		1423558A2C94313900F22195 /* Frameworks */ = {
			isa = PBXFrameworksBuildPhase;
			buildActionMask = 2147483647;
			files = (
				142355932C94313900F22195 /* RealityKitContent in Frameworks */,
			);
			runOnlyForDeploymentPostprocessing = 0;
		};
		142355A12C94313B00F22195 /* Frameworks */ = {
			isa = PBXFrameworksBuildPhase;
			buildActionMask = 2147483647;
			files = (
			);
			runOnlyForDeploymentPostprocessing = 0;
		};
/* End PBXFrameworksBuildPhase section */

/* Begin PBXGroup section */
		142355842C94313900F22195 = {
			isa = PBXGroup;
			children = (
				1423558F2C94313900F22195 /* avp_sample */,
				142355902C94313900F22195 /* Packages */,
				142355A72C94313B00F22195 /* avp_sampleTests */,
				1423558E2C94313900F22195 /* Products */,
			);
			sourceTree = "<group>";
		};
		1423558E2C94313900F22195 /* Products */ = {
			isa = PBXGroup;
			children = (
				1423558D2C94313900F22195 /* avp_sample.app */,
				142355A42C94313B00F22195 /* avp_sampleTests.xctest */,
			);
			name = Products;
			sourceTree = "<group>";
		};
		1423558F2C94313900F22195 /* avp_sample */ = {
			isa = PBXGroup;
			children = (
				1450CD4E2CC7565F00A5A96D /* Extensions */,
				1450CD4B2CC7452800A5A96D /* Views */,
				142355942C94313900F22195 /* avp_sampleApp.swift */,
				1450CD512CC756BD00A5A96D /* AppState.swift */,
				1423559A2C94313B00F22195 /* Assets.xcassets */,
				1423559F2C94313B00F22195 /* Info.plist */,
				1423559C2C94313B00F22195 /* Preview Content */,
			);
			path = avp_sample;
			sourceTree = "<group>";
		};
		142355902C94313900F22195 /* Packages */ = {
			isa = PBXGroup;
			children = (
				142355912C94313900F22195 /* RealityKitContent */,
			);
			path = Packages;
			sourceTree = "<group>";
		};
		1423559C2C94313B00F22195 /* Preview Content */ = {
			isa = PBXGroup;
			children = (
				1423559D2C94313B00F22195 /* Preview Assets.xcassets */,
			);
			path = "Preview Content";
			sourceTree = "<group>";
		};
		142355A72C94313B00F22195 /* avp_sampleTests */ = {
			isa = PBXGroup;
			children = (
				142355A82C94313B00F22195 /* avp_sampleTests.swift */,
			);
			path = avp_sampleTests;
			sourceTree = "<group>";
		};
		1450CD4E2CC7565F00A5A96D /* Extensions */ = {
			isa = PBXGroup;
			children = (
				1450CD4F2CC7566800A5A96D /* Preview+AppStateEnvironbment.swift */,
			);
			path = Extensions;
			sourceTree = "<group>";
		};
/* End PBXGroup section */

/* Begin PBXNativeTarget section */
		1423558C2C94313900F22195 /* avp_sample */ = {
			isa = PBXNativeTarget;
			buildConfigurationList = 142355AC2C94313B00F22195 /* Build configuration list for PBXNativeTarget "avp_sample" */;
			buildPhases = (
				142355892C94313900F22195 /* Sources */,
				1423558A2C94313900F22195 /* Frameworks */,
				1423558B2C94313900F22195 /* Resources */,
			);
			buildRules = (
			);
			dependencies = (
			);
			fileSystemSynchronizedGroups = (
				1450CD4B2CC7452800A5A96D /* Views */,
			);
			name = avp_sample;
			packageProductDependencies = (
				142355922C94313900F22195 /* RealityKitContent */,
			);
			productName = avp_sample;
			productReference = 1423558D2C94313900F22195 /* avp_sample.app */;
			productType = "com.apple.product-type.application";
		};
		142355A32C94313B00F22195 /* avp_sampleTests */ = {
			isa = PBXNativeTarget;
			buildConfigurationList = 142355AF2C94313B00F22195 /* Build configuration list for PBXNativeTarget "avp_sampleTests" */;
			buildPhases = (
				142355A02C94313B00F22195 /* Sources */,
				142355A12C94313B00F22195 /* Frameworks */,
				142355A22C94313B00F22195 /* Resources */,
			);
			buildRules = (
			);
			dependencies = (
				142355A62C94313B00F22195 /* PBXTargetDependency */,
			);
			name = avp_sampleTests;
			productName = avp_sampleTests;
			productReference = 142355A42C94313B00F22195 /* avp_sampleTests.xctest */;
			productType = "com.apple.product-type.bundle.unit-test";
		};
/* End PBXNativeTarget section */

/* Begin PBXProject section */
		142355852C94313900F22195 /* Project object */ = {
			isa = PBXProject;
			attributes = {
				BuildIndependentTargetsInParallel = 1;
				LastSwiftUpdateCheck = 1540;
				LastUpgradeCheck = 1540;
				TargetAttributes = {
					1423558C2C94313900F22195 = {
						CreatedOnToolsVersion = 15.4;
					};
					142355A32C94313B00F22195 = {
						CreatedOnToolsVersion = 15.4;
						TestTargetID = 1423558C2C94313900F22195;
					};
				};
			};
			buildConfigurationList = 142355882C94313900F22195 /* Build configuration list for PBXProject "avp_sample" */;
			compatibilityVersion = "Xcode 14.0";
			developmentRegion = en;
			hasScannedForEncodings = 0;
			knownRegions = (
				en,
				Base,
			);
			mainGroup = 142355842C94313900F22195;
			productRefGroup = 1423558E2C94313900F22195 /* Products */;
			projectDirPath = "";
			projectRoot = "";
			targets = (
				1423558C2C94313900F22195 /* avp_sample */,
				142355A32C94313B00F22195 /* avp_sampleTests */,
			);
		};
/* End PBXProject section */

/* Begin PBXResourcesBuildPhase section */
		1423558B2C94313900F22195 /* Resources */ = {
			isa = PBXResourcesBuildPhase;
			buildActionMask = 2147483647;
			files = (
				1423559E2C94313B00F22195 /* Preview Assets.xcassets in Resources */,
				1423559B2C94313B00F22195 /* Assets.xcassets in Resources */,
			);
			runOnlyForDeploymentPostprocessing = 0;
		};
		142355A22C94313B00F22195 /* Resources */ = {
			isa = PBXResourcesBuildPhase;
			buildActionMask = 2147483647;
			files = (
			);
			runOnlyForDeploymentPostprocessing = 0;
		};
/* End PBXResourcesBuildPhase section */

/* Begin PBXSourcesBuildPhase section */
		142355892C94313900F22195 /* Sources */ = {
			isa = PBXSourcesBuildPhase;
			buildActionMask = 2147483647;
			files = (
				142355952C94313900F22195 /* avp_sampleApp.swift in Sources */,
				1450CD522CC756C600A5A96D /* AppState.swift in Sources */,
				1450CD502CC7567D00A5A96D /* Preview+AppStateEnvironbment.swift in Sources */,
			);
			runOnlyForDeploymentPostprocessing = 0;
		};
		142355A02C94313B00F22195 /* Sources */ = {
			isa = PBXSourcesBuildPhase;
			buildActionMask = 2147483647;
			files = (
				142355A92C94313B00F22195 /* avp_sampleTests.swift in Sources */,
			);
			runOnlyForDeploymentPostprocessing = 0;
		};
/* End PBXSourcesBuildPhase section */

/* Begin PBXTargetDependency section */
		142355A62C94313B00F22195 /* PBXTargetDependency */ = {
			isa = PBXTargetDependency;
			target = 1423558C2C94313900F22195 /* avp_sample */;
			targetProxy = 142355A52C94313B00F22195 /* PBXContainerItemProxy */;
		};
/* End PBXTargetDependency section */

/* Begin XCBuildConfiguration section */
		142355AA2C94313B00F22195 /* Debug */ = {
			isa = XCBuildConfiguration;
			buildSettings = {
				ALWAYS_SEARCH_USER_PATHS = NO;
				ASSETCATALOG_COMPILER_GENERATE_SWIFT_ASSET_SYMBOL_EXTENSIONS = YES;
				CLANG_ANALYZER_NONNULL = YES;
				CLANG_ANALYZER_NUMBER_OBJECT_CONVERSION = YES_AGGRESSIVE;
				CLANG_CXX_LANGUAGE_STANDARD = "gnu++20";
				CLANG_ENABLE_MODULES = YES;
				CLANG_ENABLE_OBJC_ARC = YES;
				CLANG_ENABLE_OBJC_WEAK = YES;
				CLANG_WARN_BLOCK_CAPTURE_AUTORELEASING = YES;
				CLANG_WARN_BOOL_CONVERSION = YES;
				CLANG_WARN_COMMA = YES;
				CLANG_WARN_CONSTANT_CONVERSION = YES;
				CLANG_WARN_DEPRECATED_OBJC_IMPLEMENTATIONS = YES;
				CLANG_WARN_DIRECT_OBJC_ISA_USAGE = YES_ERROR;
				CLANG_WARN_DOCUMENTATION_COMMENTS = YES;
				CLANG_WARN_EMPTY_BODY = YES;
				CLANG_WARN_ENUM_CONVERSION = YES;
				CLANG_WARN_INFINITE_RECURSION = YES;
				CLANG_WARN_INT_CONVERSION = YES;
				CLANG_WARN_NON_LITERAL_NULL_CONVERSION = YES;
				CLANG_WARN_OBJC_IMPLICIT_RETAIN_SELF = YES;
				CLANG_WARN_OBJC_LITERAL_CONVERSION = YES;
				CLANG_WARN_OBJC_ROOT_CLASS = YES_ERROR;
				CLANG_WARN_QUOTED_INCLUDE_IN_FRAMEWORK_HEADER = YES;
				CLANG_WARN_RANGE_LOOP_ANALYSIS = YES;
				CLANG_WARN_STRICT_PROTOTYPES = YES;
				CLANG_WARN_SUSPICIOUS_MOVE = YES;
				CLANG_WARN_UNGUARDED_AVAILABILITY = YES_AGGRESSIVE;
				CLANG_WARN_UNREACHABLE_CODE = YES;
				CLANG_WARN__DUPLICATE_METHOD_MATCH = YES;
				COPY_PHASE_STRIP = NO;
				DEBUG_INFORMATION_FORMAT = dwarf;
				ENABLE_STRICT_OBJC_MSGSEND = YES;
				ENABLE_TESTABILITY = YES;
				ENABLE_USER_SCRIPT_SANDBOXING = YES;
				GCC_C_LANGUAGE_STANDARD = gnu17;
				GCC_DYNAMIC_NO_PIC = NO;
				GCC_NO_COMMON_BLOCKS = YES;
				GCC_OPTIMIZATION_LEVEL = 0;
				GCC_PREPROCESSOR_DEFINITIONS = (
					"DEBUG=1",
					"$(inherited)",
				);
				GCC_WARN_64_TO_32_BIT_CONVERSION = YES;
				GCC_WARN_ABOUT_RETURN_TYPE = YES_ERROR;
				GCC_WARN_UNDECLARED_SELECTOR = YES;
				GCC_WARN_UNINITIALIZED_AUTOS = YES_AGGRESSIVE;
				GCC_WARN_UNUSED_FUNCTION = YES;
				GCC_WARN_UNUSED_VARIABLE = YES;
				LOCALIZATION_PREFERS_STRING_CATALOGS = YES;
				MTL_ENABLE_DEBUG_INFO = INCLUDE_SOURCE;
				MTL_FAST_MATH = YES;
				ONLY_ACTIVE_ARCH = YES;
				SDKROOT = xros;
				SWIFT_ACTIVE_COMPILATION_CONDITIONS = "DEBUG $(inherited)";
				SWIFT_OPTIMIZATION_LEVEL = "-Onone";
				XROS_DEPLOYMENT_TARGET = 1.2;
			};
			name = Debug;
		};
		142355AB2C94313B00F22195 /* Release */ = {
			isa = XCBuildConfiguration;
			buildSettings = {
				ALWAYS_SEARCH_USER_PATHS = NO;
				ASSETCATALOG_COMPILER_GENERATE_SWIFT_ASSET_SYMBOL_EXTENSIONS = YES;
				CLANG_ANALYZER_NONNULL = YES;
				CLANG_ANALYZER_NUMBER_OBJECT_CONVERSION = YES_AGGRESSIVE;
				CLANG_CXX_LANGUAGE_STANDARD = "gnu++20";
				CLANG_ENABLE_MODULES = YES;
				CLANG_ENABLE_OBJC_ARC = YES;
				CLANG_ENABLE_OBJC_WEAK = YES;
				CLANG_WARN_BLOCK_CAPTURE_AUTORELEASING = YES;
				CLANG_WARN_BOOL_CONVERSION = YES;
				CLANG_WARN_COMMA = YES;
				CLANG_WARN_CONSTANT_CONVERSION = YES;
				CLANG_WARN_DEPRECATED_OBJC_IMPLEMENTATIONS = YES;
				CLANG_WARN_DIRECT_OBJC_ISA_USAGE = YES_ERROR;
				CLANG_WARN_DOCUMENTATION_COMMENTS = YES;
				CLANG_WARN_EMPTY_BODY = YES;
				CLANG_WARN_ENUM_CONVERSION = YES;
				CLANG_WARN_INFINITE_RECURSION = YES;
				CLANG_WARN_INT_CONVERSION = YES;
				CLANG_WARN_NON_LITERAL_NULL_CONVERSION = YES;
				CLANG_WARN_OBJC_IMPLICIT_RETAIN_SELF = YES;
				CLANG_WARN_OBJC_LITERAL_CONVERSION = YES;
				CLANG_WARN_OBJC_ROOT_CLASS = YES_ERROR;
				CLANG_WARN_QUOTED_INCLUDE_IN_FRAMEWORK_HEADER = YES;
				CLANG_WARN_RANGE_LOOP_ANALYSIS = YES;
				CLANG_WARN_STRICT_PROTOTYPES = YES;
				CLANG_WARN_SUSPICIOUS_MOVE = YES;
				CLANG_WARN_UNGUARDED_AVAILABILITY = YES_AGGRESSIVE;
				CLANG_WARN_UNREACHABLE_CODE = YES;
				CLANG_WARN__DUPLICATE_METHOD_MATCH = YES;
				COPY_PHASE_STRIP = NO;
				DEBUG_INFORMATION_FORMAT = "dwarf-with-dsym";
				ENABLE_NS_ASSERTIONS = NO;
				ENABLE_STRICT_OBJC_MSGSEND = YES;
				ENABLE_USER_SCRIPT_SANDBOXING = YES;
				GCC_C_LANGUAGE_STANDARD = gnu17;
				GCC_NO_COMMON_BLOCKS = YES;
				GCC_WARN_64_TO_32_BIT_CONVERSION = YES;
				GCC_WARN_ABOUT_RETURN_TYPE = YES_ERROR;
				GCC_WARN_UNDECLARED_SELECTOR = YES;
				GCC_WARN_UNINITIALIZED_AUTOS = YES_AGGRESSIVE;
				GCC_WARN_UNUSED_FUNCTION = YES;
				GCC_WARN_UNUSED_VARIABLE = YES;
				LOCALIZATION_PREFERS_STRING_CATALOGS = YES;
				MTL_ENABLE_DEBUG_INFO = NO;
				MTL_FAST_MATH = YES;
				SDKROOT = xros;
				SWIFT_COMPILATION_MODE = wholemodule;
				VALIDATE_PRODUCT = YES;
				XROS_DEPLOYMENT_TARGET = 1.2;
			};
			name = Release;
		};
		142355AD2C94313B00F22195 /* Debug */ = {
			isa = XCBuildConfiguration;
			buildSettings = {
				ASSETCATALOG_COMPILER_APPICON_NAME = AppIcon;
				ASSETCATALOG_COMPILER_GLOBAL_ACCENT_COLOR_NAME = AccentColor;
				CODE_SIGN_STYLE = Automatic;
				CURRENT_PROJECT_VERSION = 1;
				DEVELOPMENT_ASSET_PATHS = "\"avp_sample/Preview Content\"";
				DEVELOPMENT_TEAM = 42JJPKP725;
				ENABLE_PREVIEWS = YES;
				GENERATE_INFOPLIST_FILE = YES;
				INFOPLIST_FILE = "$(TARGET_NAME)/Info.plist";
				LD_RUNPATH_SEARCH_PATHS = (
					"$(inherited)",
					"@executable_path/Frameworks",
				);
				MARKETING_VERSION = 1.0;
				PRODUCT_BUNDLE_IDENTIFIER = "ak.avp-sample";
				PRODUCT_NAME = "$(TARGET_NAME)";
				SUPPORTED_PLATFORMS = "xros xrsimulator";
				SWIFT_EMIT_LOC_STRINGS = YES;
				SWIFT_VERSION = 5.0;
				TARGETED_DEVICE_FAMILY = "1,2,7";
			};
			name = Debug;
		};
		142355AE2C94313B00F22195 /* Release */ = {
			isa = XCBuildConfiguration;
			buildSettings = {
				ASSETCATALOG_COMPILER_APPICON_NAME = AppIcon;
				ASSETCATALOG_COMPILER_GLOBAL_ACCENT_COLOR_NAME = AccentColor;
				CODE_SIGN_STYLE = Automatic;
				CURRENT_PROJECT_VERSION = 1;
				DEVELOPMENT_ASSET_PATHS = "\"avp_sample/Preview Content\"";
				DEVELOPMENT_TEAM = 42JJPKP725;
				ENABLE_PREVIEWS = YES;
				GENERATE_INFOPLIST_FILE = YES;
				INFOPLIST_FILE = "$(TARGET_NAME)/Info.plist";
				LD_RUNPATH_SEARCH_PATHS = (
					"$(inherited)",
					"@executable_path/Frameworks",
				);
				MARKETING_VERSION = 1.0;
				PRODUCT_BUNDLE_IDENTIFIER = "ak.avp-sample";
				PRODUCT_NAME = "$(TARGET_NAME)";
				SUPPORTED_PLATFORMS = "xros xrsimulator";
				SWIFT_EMIT_LOC_STRINGS = YES;
				SWIFT_VERSION = 5.0;
				TARGETED_DEVICE_FAMILY = "1,2,7";
			};
			name = Release;
		};
		142355B02C94313B00F22195 /* Debug */ = {
			isa = XCBuildConfiguration;
			buildSettings = {
				ALWAYS_EMBED_SWIFT_STANDARD_LIBRARIES = YES;
				BUNDLE_LOADER = "$(TEST_HOST)";
				CODE_SIGN_STYLE = Automatic;
				CURRENT_PROJECT_VERSION = 1;
				GENERATE_INFOPLIST_FILE = YES;
				MARKETING_VERSION = 1.0;
				PRODUCT_BUNDLE_IDENTIFIER = "ak.avp-sampleTests";
				PRODUCT_NAME = "$(TARGET_NAME)";
				SUPPORTED_PLATFORMS = "xros xrsimulator";
				SWIFT_EMIT_LOC_STRINGS = NO;
				SWIFT_VERSION = 5.0;
				TARGETED_DEVICE_FAMILY = "1,2,7";
				TEST_HOST = "$(BUILT_PRODUCTS_DIR)/avp_sample.app/$(BUNDLE_EXECUTABLE_FOLDER_PATH)/avp_sample";
				XROS_DEPLOYMENT_TARGET = 1.2;
			};
			name = Debug;
		};
		142355B12C94313B00F22195 /* Release */ = {
			isa = XCBuildConfiguration;
			buildSettings = {
				ALWAYS_EMBED_SWIFT_STANDARD_LIBRARIES = YES;
				BUNDLE_LOADER = "$(TEST_HOST)";
				CODE_SIGN_STYLE = Automatic;
				CURRENT_PROJECT_VERSION = 1;
				GENERATE_INFOPLIST_FILE = YES;
				MARKETING_VERSION = 1.0;
				PRODUCT_BUNDLE_IDENTIFIER = "ak.avp-sampleTests";
				PRODUCT_NAME = "$(TARGET_NAME)";
				SUPPORTED_PLATFORMS = "xros xrsimulator";
				SWIFT_EMIT_LOC_STRINGS = NO;
				SWIFT_VERSION = 5.0;
				TARGETED_DEVICE_FAMILY = "1,2,7";
				TEST_HOST = "$(BUILT_PRODUCTS_DIR)/avp_sample.app/$(BUNDLE_EXECUTABLE_FOLDER_PATH)/avp_sample";
				XROS_DEPLOYMENT_TARGET = 1.2;
			};
			name = Release;
		};
/* End XCBuildConfiguration section */

/* Begin XCConfigurationList section */
		142355882C94313900F22195 /* Build configuration list for PBXProject "avp_sample" */ = {
			isa = XCConfigurationList;
			buildConfigurations = (
				142355AA2C94313B00F22195 /* Debug */,
				142355AB2C94313B00F22195 /* Release */,
			);
			defaultConfigurationIsVisible = 0;
			defaultConfigurationName = Release;
		};
		142355AC2C94313B00F22195 /* Build configuration list for PBXNativeTarget "avp_sample" */ = {
			isa = XCConfigurationList;
			buildConfigurations = (
				142355AD2C94313B00F22195 /* Debug */,
				142355AE2C94313B00F22195 /* Release */,
			);
			defaultConfigurationIsVisible = 0;
			defaultConfigurationName = Release;
		};
		142355AF2C94313B00F22195 /* Build configuration list for PBXNativeTarget "avp_sampleTests" */ = {
			isa = XCConfigurationList;
			buildConfigurations = (
				142355B02C94313B00F22195 /* Debug */,
				142355B12C94313B00F22195 /* Release */,
			);
			defaultConfigurationIsVisible = 0;
			defaultConfigurationName = Release;
		};
/* End XCConfigurationList section */

/* Begin XCSwiftPackageProductDependency section */
		142355922C94313900F22195 /* RealityKitContent */ = {
			isa = XCSwiftPackageProductDependency;
			productName = RealityKitContent;
		};
/* End XCSwiftPackageProductDependency section */
	};
	rootObject = 142355852C94313900F22195 /* Project object */;
}
